{
  "nodes": {
    "ags": {
      "inputs": {
        "nixpkgs": "nixpkgs",
        "systems": "systems"
      },
      "locked": {
        "lastModified": 1721306136,
        "narHash": "sha256-VKPsIGf3/a+RONBipx4lEE4LXG2sdMNkWQu22LNQItg=",
        "owner": "Aylur",
        "repo": "ags",
        "rev": "344ea72cd3b8d4911f362fec34bce7d8fb37028c",
        "type": "github"
      },
      "original": {
        "owner": "Aylur",
        "repo": "ags",
        "type": "github"
      }
    },
    "catppuccin": {
      "locked": {
        "lastModified": 1724156255,
        "narHash": "sha256-rpUCeS/QZwQdJmDrvCm0hRi8bFvQNQKAnIMK5ZDBfpM=",
        "owner": "catppuccin",
        "repo": "nix",
        "rev": "8886a68edadb1d93c7101337f995ffce4b410ff2",
        "type": "github"
      },
      "original": {
        "owner": "catppuccin",
        "repo": "nix",
        "type": "github"
      }
    },
    "catppuccinWarp": {
      "flake": false,
      "locked": {
        "lastModified": 1721499177,
        "narHash": "sha256-pUmO0po/fSPXIcKstWocCSX+Yg5l+H9JsEva+pCLNhI=",
        "owner": "catppuccin",
        "repo": "warp",
        "rev": "7e3328b346ebe5ca7c59cfaa2b4bce755db62094",
        "type": "github"
      },
      "original": {
        "owner": "catppuccin",
        "repo": "warp",
        "type": "github"
      }
    },
    "gradiencePresets": {
      "flake": false,
      "locked": {
        "lastModified": 1719268552,
        "narHash": "sha256-HfkAzi74A4bnEA+DPEU2jsQ+PKtVk8iGeXnnl29Xv9Y=",
        "owner": "GradienceTeam",
        "repo": "Community",
        "rev": "cba8a1b817afa5b57563ab7e11a20aada230fecf",
        "type": "github"
      },
      "original": {
        "owner": "GradienceTeam",
        "repo": "Community",
        "type": "github"
      }
    },
    "home-manager": {
      "inputs": {
        "nixpkgs": [
          "nixpkgs"
        ]
      },
      "locked": {
        "lastModified": 1723986931,
        "narHash": "sha256-Fy+KEvDQ+Hc8lJAV3t6leXhZJ2ncU5/esxkgt3b8DEY=",
        "owner": "nix-community",
        "repo": "home-manager",
        "rev": "2598861031b78aadb4da7269df7ca9ddfc3e1671",
        "type": "github"
      },
      "original": {
        "owner": "nix-community",
        "repo": "home-manager",
        "type": "github"
      }
    },
    "nixpkgs": {
      "locked": {
        "lastModified": 1718714799,
        "narHash": "sha256-FUZpz9rg3gL8NVPKbqU8ei1VkPLsTIfAJ2fdAf5qjak=",
        "owner": "NixOS",
        "repo": "nixpkgs",
        "rev": "c00d587b1a1afbf200b1d8f0b0e4ba9deb1c7f0e",
        "type": "github"
      },
      "original": {
        "owner": "NixOS",
        "ref": "nixos-unstable",
        "repo": "nixpkgs",
        "type": "github"
      }
    },
    "nixpkgs_2": {
      "locked": {
        "lastModified": 1723991338,
        "narHash": "sha256-Grh5PF0+gootJfOJFenTTxDTYPidA3V28dqJ/WV7iis=",
        "owner": "NixOS",
        "repo": "nixpkgs",
        "rev": "8a3354191c0d7144db9756a74755672387b702ba",
        "type": "github"
      },
      "original": {
        "owner": "NixOS",
        "ref": "nixos-unstable",
        "repo": "nixpkgs",
        "type": "github"
      }
    },
    "root": {
      "inputs": {
        "ags": "ags",
        "catppuccin": "catppuccin",
        "catppuccinWarp": "catppuccinWarp",
        "gradiencePresets": "gradiencePresets",
        "home-manager": "home-manager",
        "nixpkgs": "nixpkgs_2"
      }
    },
    "systems": {
      "locked": {
        "lastModified": 1689347949,
        "narHash": "sha256-12tWmuL2zgBgZkdoB6qXZsgJEH9LR3oUgpaQq2RbI80=",
        "owner": "nix-systems",
        "repo": "default-linux",
        "rev": "31732fcf5e8fea42e59c2488ad31a0e651500f68",
        "type": "github"
      },
      "original": {
        "owner": "nix-systems",
        "repo": "default-linux",
        "type": "github"
      }
    }
  },
  "root": "root",
  "version": 7
}
