{
  "nodes": {
    "ags": {
      "inputs": {
        "astal": "astal",
        "gnim": "gnim",
        "nixpkgs": [
          "nixpkgs"
        ]
      },
      "locked": {
        "lastModified": 1752328525,
        "narHash": "sha256-0aaVFLQxY1dKIS5jzwhbO847yIdr3U0o2heUzC5iat4=",
        "owner": "aylur",
        "repo": "ags",
        "rev": "2eb3ea54311b0f7ba9d333d661d12cda1ed5507e",
        "type": "github"
      },
      "original": {
        "owner": "aylur",
        "repo": "ags",
        "type": "github"
      }
    },
    "astal": {
      "inputs": {
        "nixpkgs": [
          "ags",
          "nixpkgs"
        ]
      },
      "locked": {
        "lastModified": 1751126708,
        "narHash": "sha256-AodIKw7TmI7rHVcOfEsO82stupMYIMVQeLAUQfVxnkU=",
        "owner": "aylur",
        "repo": "astal",
        "rev": "ac90f09385a2295da9fdc108aaba4a317aaeacc7",
        "type": "github"
      },
      "original": {
        "owner": "aylur",
        "repo": "astal",
        "type": "github"
      }
    },
    "flake-compat": {
      "flake": false,
      "locked": {
        "lastModified": 1747046372,
        "narHash": "sha256-CIVLLkVgvHYbgI2UpXvIIBJ12HWgX+fjA8Xf8PUmqCY=",
        "owner": "edolstra",
        "repo": "flake-compat",
        "rev": "9100a0f413b0c601e0533d1d94ffd501ce2e7885",
        "type": "github"
      },
      "original": {
        "owner": "edolstra",
        "repo": "flake-compat",
        "type": "github"
      }
    },
    "flake-parts": {
      "inputs": {
        "nixpkgs-lib": "nixpkgs-lib"
      },
      "locked": {
        "lastModified": 1751413152,
        "narHash": "sha256-Tyw1RjYEsp5scoigs1384gIg6e0GoBVjms4aXFfRssQ=",
        "owner": "hercules-ci",
        "repo": "flake-parts",
        "rev": "77826244401ea9de6e3bac47c2db46005e1f30b5",
        "type": "github"
      },
      "original": {
        "owner": "hercules-ci",
        "repo": "flake-parts",
        "type": "github"
      }
    },
    "gnim": {
      "flake": false,
      "locked": {
        "lastModified": 1751928958,
        "narHash": "sha256-vQY2L+Hnp6F1MHFa3UbMft1goGw3iODI5M+96Z7P+9Q=",
        "owner": "aylur",
        "repo": "gnim",
        "rev": "9bffa83f52f711b13e3c139454623a9aea4f5552",
        "type": "github"
      },
      "original": {
        "owner": "aylur",
        "repo": "gnim",
        "type": "github"
      }
    },
    "home-manager": {
      "inputs": {
        "nixpkgs": [
          "nixpkgs"
        ]
      },
      "locked": {
        "lastModified": 1752814804,
        "narHash": "sha256-irfg7lnfEpJY+3Cffkluzp2MTVw1Uq9QGxFp6qadcXI=",
        "owner": "nix-community",
        "repo": "home-manager",
        "rev": "d0300c8808e41da81d6edfc202f3d3833c157daf",
        "type": "github"
      },
      "original": {
        "owner": "nix-community",
        "repo": "home-manager",
        "type": "github"
      }
    },
    "nixos-wsl": {
      "inputs": {
        "flake-compat": "flake-compat",
        "nixpkgs": [
          "nixpkgs"
        ]
      },
      "locked": {
        "lastModified": 1752682362,
        "narHash": "sha256-ZNIpqCG/CfhmV+TgIeyO/XbhDjSWpwWokHM44j0Mn0w=",
        "owner": "nix-community",
        "repo": "NixOS-WSL",
        "rev": "20001f9bf0aaf2b1c307e43a5eec8cf8f800fe14",
        "type": "github"
      },
      "original": {
        "owner": "nix-community",
        "ref": "main",
        "repo": "NixOS-WSL",
        "type": "github"
      }
    },
    "nixpkgs": {
      "locked": {
        "lastModified": 1752950548,
        "narHash": "sha256-NS6BLD0lxOrnCiEOcvQCDVPXafX1/ek1dfJHX1nUIzc=",
        "owner": "NixOS",
        "repo": "nixpkgs",
        "rev": "c87b95e25065c028d31a94f06a62927d18763fdf",
        "type": "github"
      },
      "original": {
        "owner": "NixOS",
        "ref": "nixos-unstable",
        "repo": "nixpkgs",
        "type": "github"
      }
    },
    "nixpkgs-lib": {
      "locked": {
        "lastModified": 1751159883,
        "narHash": "sha256-urW/Ylk9FIfvXfliA1ywh75yszAbiTEVgpPeinFyVZo=",
        "owner": "nix-community",
        "repo": "nixpkgs.lib",
        "rev": "14a40a1d7fb9afa4739275ac642ed7301a9ba1ab",
        "type": "github"
      },
      "original": {
        "owner": "nix-community",
        "repo": "nixpkgs.lib",
        "type": "github"
      }
    },
    "root": {
      "inputs": {
        "ags": "ags",
        "flake-parts": "flake-parts",
        "home-manager": "home-manager",
        "nixos-wsl": "nixos-wsl",
        "nixpkgs": "nixpkgs"
      }
    }
  },
  "root": "root",
  "version": 7
}
